{
  "version": 4,
  "terraform_version": "1.2.2",
  "serial": 628,
  "lineage": "55f6a8ef-606d-a5c3-5dc1-f11cbe69cf63",
  "outputs": {
    "DNS": {
      "value": [
        "ec2-35-182-163-67.ca-central-1.compute.amazonaws.com",
        "ec2-3-99-220-141.ca-central-1.compute.amazonaws.com"
      ],
      "type": [
        "tuple",
        [
          "string",
          "string"
        ]
      ]
    },
    "alb_dns_name": {
      "value": "adnan-pasic-tf-lb-web-server-611151110.ca-central-1.elb.amazonaws.com",
      "type": "string"
    },
    "domain_lb": {
      "value": "adnan-pasic-tf.awsmostar.com",
      "type": "string"
    }
  },
  "resources": [
    {
      "mode": "data",
      "type": "aws_route53_zone",
      "name": "selected",
      "provider": "provider[\"registry.terraform.io/hashicorp/aws\"]",
      "instances": [
        {
          "schema_version": 0,
          "attributes": {
            "arn": "arn:aws:route53:::hostedzone/Z02328163KCPGXFNKFO06",
            "caller_reference": "RISWorkflow-RD:4895cd49-ae68-44fc-aec3-0140aba2235f",
            "comment": "HostedZone created by Route53 Registrar",
            "id": "Z02328163KCPGXFNKFO06",
            "linked_service_description": null,
            "linked_service_principal": null,
            "name": "awsmostar.com",
            "name_servers": [
              "ns-380.awsdns-47.com",
              "ns-696.awsdns-23.net",
              "ns-1925.awsdns-48.co.uk",
              "ns-1402.awsdns-47.org"
            ],
            "private_zone": false,
            "resource_record_set_count": 13,
            "tags": {},
            "vpc_id": null,
            "zone_id": "Z02328163KCPGXFNKFO06"
          },
          "sensitive_attributes": []
        }
      ]
    },
    {
      "mode": "managed",
      "type": "aws_instance",
      "name": "myInstance",
      "provider": "provider[\"registry.terraform.io/hashicorp/aws\"]",
      "instances": [
        {
          "index_key": 0,
          "schema_version": 1,
          "attributes": {
            "ami": "ami-0843f7c45354d48b5",
            "arn": "arn:aws:ec2:ca-central-1:143319089234:instance/i-01f4798f5a01b081a",
            "associate_public_ip_address": true,
            "availability_zone": "ca-central-1b",
            "capacity_reservation_specification": [
              {
                "capacity_reservation_preference": "open",
                "capacity_reservation_target": []
              }
            ],
            "cpu_core_count": 1,
            "cpu_threads_per_core": 1,
            "credit_specification": [
              {
                "cpu_credits": "standard"
              }
            ],
            "disable_api_termination": false,
            "ebs_block_device": [],
            "ebs_optimized": false,
            "enclave_options": [
              {
                "enabled": false
              }
            ],
            "ephemeral_block_device": [],
            "get_password_data": false,
            "hibernation": false,
            "host_id": null,
            "iam_instance_profile": "",
            "id": "i-01f4798f5a01b081a",
            "instance_initiated_shutdown_behavior": "stop",
            "instance_state": "running",
            "instance_type": "t2.micro",
            "ipv6_address_count": 0,
            "ipv6_addresses": [],
            "key_name": "adnan-pasic-tf-key-web-server",
            "launch_template": [],
            "maintenance_options": [
              {
                "auto_recovery": "default"
              }
            ],
            "metadata_options": [
              {
                "http_endpoint": "enabled",
                "http_put_response_hop_limit": 1,
                "http_tokens": "optional",
                "instance_metadata_tags": "disabled"
              }
            ],
            "monitoring": false,
            "network_interface": [],
            "outpost_arn": "",
            "password_data": "",
            "placement_group": "",
            "placement_partition_number": null,
            "primary_network_interface_id": "eni-08781d613b69142b2",
            "private_dns": "ip-172-31-9-90.ca-central-1.compute.internal",
            "private_ip": "172.31.9.90",
            "public_dns": "ec2-35-182-163-67.ca-central-1.compute.amazonaws.com",
            "public_ip": "35.182.163.67",
            "root_block_device": [
              {
                "delete_on_termination": true,
                "device_name": "/dev/xvda",
                "encrypted": false,
                "iops": 100,
                "kms_key_id": "",
                "tags": {},
                "throughput": 0,
                "volume_id": "vol-011c33900a85d8792",
                "volume_size": 8,
                "volume_type": "gp2"
              }
            ],
            "secondary_private_ips": [],
            "security_groups": [
              "adnan-pasic-tf-sg-web-server"
            ],
            "source_dest_check": true,
            "subnet_id": "subnet-0a451572b818de6f7",
            "tags": {
              "Name": "adnan-pasic-tf-ec2-web-server-1"
            },
            "tags_all": {
              "Name": "adnan-pasic-tf-ec2-web-server-1"
            },
            "tenancy": "default",
            "timeouts": null,
            "user_data": "db5a74e37a0b62f4d1cf2ad3178cbdc9affdc215",
            "user_data_base64": null,
            "user_data_replace_on_change": false,
            "volume_tags": null,
            "vpc_security_group_ids": [
              "sg-0fa3ed1ab2e4b4842"
            ]
          },
          "sensitive_attributes": [],
          "private": "eyJlMmJmYjczMC1lY2FhLTExZTYtOGY4OC0zNDM2M2JjN2M0YzAiOnsiY3JlYXRlIjo2MDAwMDAwMDAwMDAsImRlbGV0ZSI6MTIwMDAwMDAwMDAwMCwidXBkYXRlIjo2MDAwMDAwMDAwMDB9LCJzY2hlbWFfdmVyc2lvbiI6IjEifQ=="
        },
        {
          "index_key": 1,
          "schema_version": 1,
          "attributes": {
            "ami": "ami-0843f7c45354d48b5",
            "arn": "arn:aws:ec2:ca-central-1:143319089234:instance/i-0592ff8e6bb942ac0",
            "associate_public_ip_address": true,
            "availability_zone": "ca-central-1b",
            "capacity_reservation_specification": [
              {
                "capacity_reservation_preference": "open",
                "capacity_reservation_target": []
              }
            ],
            "cpu_core_count": 1,
            "cpu_threads_per_core": 1,
            "credit_specification": [
              {
                "cpu_credits": "standard"
              }
            ],
            "disable_api_termination": false,
            "ebs_block_device": [],
            "ebs_optimized": false,
            "enclave_options": [
              {
                "enabled": false
              }
            ],
            "ephemeral_block_device": [],
            "get_password_data": false,
            "hibernation": false,
            "host_id": null,
            "iam_instance_profile": "",
            "id": "i-0592ff8e6bb942ac0",
            "instance_initiated_shutdown_behavior": "stop",
            "instance_state": "running",
            "instance_type": "t2.micro",
            "ipv6_address_count": 0,
            "ipv6_addresses": [],
            "key_name": "adnan-pasic-tf-key-web-server",
            "launch_template": [],
            "maintenance_options": [
              {
                "auto_recovery": "default"
              }
            ],
            "metadata_options": [
              {
                "http_endpoint": "enabled",
                "http_put_response_hop_limit": 1,
                "http_tokens": "optional",
                "instance_metadata_tags": "disabled"
              }
            ],
            "monitoring": false,
            "network_interface": [],
            "outpost_arn": "",
            "password_data": "",
            "placement_group": "",
            "placement_partition_number": null,
            "primary_network_interface_id": "eni-0d0223f8d5529a4c2",
            "private_dns": "ip-172-31-1-49.ca-central-1.compute.internal",
            "private_ip": "172.31.1.49",
            "public_dns": "ec2-3-99-220-141.ca-central-1.compute.amazonaws.com",
            "public_ip": "3.99.220.141",
            "root_block_device": [
              {
                "delete_on_termination": true,
                "device_name": "/dev/xvda",
                "encrypted": false,
                "iops": 100,
                "kms_key_id": "",
                "tags": {},
                "throughput": 0,
                "volume_id": "vol-0385f9e75f06b1b0b",
                "volume_size": 8,
                "volume_type": "gp2"
              }
            ],
            "secondary_private_ips": [],
            "security_groups": [
              "adnan-pasic-tf-sg-web-server"
            ],
            "source_dest_check": true,
            "subnet_id": "subnet-0a451572b818de6f7",
            "tags": {
              "Name": "adnan-pasic-tf-ec2-web-server-2"
            },
            "tags_all": {
              "Name": "adnan-pasic-tf-ec2-web-server-2"
            },
            "tenancy": "default",
            "timeouts": null,
            "user_data": "db5a74e37a0b62f4d1cf2ad3178cbdc9affdc215",
            "user_data_base64": null,
            "user_data_replace_on_change": false,
            "volume_tags": null,
            "vpc_security_group_ids": [
              "sg-0fa3ed1ab2e4b4842"
            ]
          },
          "sensitive_attributes": [],
          "private": "eyJlMmJmYjczMC1lY2FhLTExZTYtOGY4OC0zNDM2M2JjN2M0YzAiOnsiY3JlYXRlIjo2MDAwMDAwMDAwMDAsImRlbGV0ZSI6MTIwMDAwMDAwMDAwMCwidXBkYXRlIjo2MDAwMDAwMDAwMDB9LCJzY2hlbWFfdmVyc2lvbiI6IjEifQ=="
        }
      ]
    },
    {
      "mode": "managed",
      "type": "aws_key_pair",
      "name": "key-web-server",
      "provider": "provider[\"registry.terraform.io/hashicorp/aws\"]",
      "instances": [
        {
          "schema_version": 1,
          "attributes": {
            "arn": "arn:aws:ec2:ca-central-1:143319089234:key-pair/adnan-pasic-tf-key-web-server",
            "fingerprint": "19:32:de:45:62:6e:ff:86:bb:14:a8:5f:c6:fc:d5:fc",
            "id": "adnan-pasic-tf-key-web-server",
            "key_name": "adnan-pasic-tf-key-web-server",
            "key_name_prefix": "",
            "key_pair_id": "key-083436ea6c5776b79",
            "public_key": "ssh-rsa AAAAB3NzaC1yc2EAAAADAQABAAABgQDSDv91Cu4gM37m1jo5gk2ONrLz1d1aeIavFmCefjBJFkPspWDjFw/zZP+Z1Zy3XQxLwNs6qiAWDfU0TW7COIuCna0KMTkvJgmY/zwwMi7skpUycWGpwKl5dY7ZG3/5/HzfknCiLTtYiOubdC5jUU5ndQavnp8Q1sPCQ9tO7KAyF5K3Lf2P659sxXt0NewM5NN2LQHI4PKxzT2zYEgzo7cbbZjJd1WMilE99UFGAiFgNBS09ek30YrN6BkSKK9v8y2NVkoC/Ihe73y71ZaRyFvM+LhG4KFfrVRUh+Y1eUj/NekWoZNjWdBkRvuRDFuAdclbIPJ8GOB2RkO/VuDd/KCKt5WFaqk3JnZE+NX9xlJQwsPqW8fxYxPbUgC20GcK06nc2jFPtXOi+vOsgcZ93QTe19sG0grHNAtv+37BODs52HSn5ZTozXnrVLJlt9zuln5rzg4topl6qDQWV7Ey0tmgHmE+7jUQJqf7JCpi+uOEGgkK/PzZIoAzMtikRshZG88= paja@apasic-lap",
            "tags": null,
            "tags_all": {}
          },
          "sensitive_attributes": [],
          "private": "eyJzY2hlbWFfdmVyc2lvbiI6IjEifQ=="
        }
      ]
    },
    {
      "mode": "managed",
      "type": "aws_lb",
      "name": "lb-web-server",
      "provider": "provider[\"registry.terraform.io/hashicorp/aws\"]",
      "instances": [
        {
          "schema_version": 0,
          "attributes": {
            "access_logs": [
              {
                "bucket": "",
                "enabled": false,
                "prefix": ""
              }
            ],
            "arn": "arn:aws:elasticloadbalancing:ca-central-1:143319089234:loadbalancer/app/adnan-pasic-tf-lb-web-server/973a1860a3a88428",
            "arn_suffix": "app/adnan-pasic-tf-lb-web-server/973a1860a3a88428",
            "customer_owned_ipv4_pool": "",
            "desync_mitigation_mode": "defensive",
            "dns_name": "adnan-pasic-tf-lb-web-server-611151110.ca-central-1.elb.amazonaws.com",
            "drop_invalid_header_fields": false,
            "enable_cross_zone_load_balancing": null,
            "enable_deletion_protection": false,
            "enable_http2": true,
            "enable_waf_fail_open": false,
            "id": "arn:aws:elasticloadbalancing:ca-central-1:143319089234:loadbalancer/app/adnan-pasic-tf-lb-web-server/973a1860a3a88428",
            "idle_timeout": 60,
            "internal": false,
            "ip_address_type": "ipv4",
            "load_balancer_type": "application",
            "name": "adnan-pasic-tf-lb-web-server",
            "name_prefix": null,
            "security_groups": [
              "sg-0da7b1af0ca80ef03"
            ],
            "subnet_mapping": [
              {
                "allocation_id": "",
                "ipv6_address": "",
                "outpost_id": "",
                "private_ipv4_address": "",
                "subnet_id": "subnet-01a352f599dfe34c0"
              },
              {
                "allocation_id": "",
                "ipv6_address": "",
                "outpost_id": "",
                "private_ipv4_address": "",
                "subnet_id": "subnet-01af2c8ccfbe661ec"
              },
              {
                "allocation_id": "",
                "ipv6_address": "",
                "outpost_id": "",
                "private_ipv4_address": "",
                "subnet_id": "subnet-0a451572b818de6f7"
              }
            ],
            "subnets": [
              "subnet-01a352f599dfe34c0",
              "subnet-01af2c8ccfbe661ec",
              "subnet-0a451572b818de6f7"
            ],
            "tags": {
              "Name": "adnan-pasic-tf-lb-web-server"
            },
            "tags_all": {
              "Name": "adnan-pasic-tf-lb-web-server"
            },
            "timeouts": null,
            "vpc_id": "vpc-07fea8cf59ec86f75",
            "zone_id": "ZQSVJUPU6J1EY"
          },
          "sensitive_attributes": [],
          "private": "eyJlMmJmYjczMC1lY2FhLTExZTYtOGY4OC0zNDM2M2JjN2M0YzAiOnsiY3JlYXRlIjo2MDAwMDAwMDAwMDAsImRlbGV0ZSI6NjAwMDAwMDAwMDAwLCJ1cGRhdGUiOjYwMDAwMDAwMDAwMH19",
          "dependencies": [
            "aws_security_group.sg-lb-web-server"
          ]
        }
      ]
    },
    {
      "mode": "managed",
      "type": "aws_lb_listener",
      "name": "lb-web-server",
      "provider": "provider[\"registry.terraform.io/hashicorp/aws\"]",
      "instances": [
        {
          "schema_version": 0,
          "attributes": {
            "alpn_policy": null,
            "arn": "arn:aws:elasticloadbalancing:ca-central-1:143319089234:listener/app/adnan-pasic-tf-lb-web-server/973a1860a3a88428/b1d602a56cd3dc55",
            "certificate_arn": null,
            "default_action": [
              {
                "authenticate_cognito": [],
                "authenticate_oidc": [],
                "fixed_response": [],
                "forward": [],
                "order": 1,
                "redirect": [],
                "target_group_arn": "arn:aws:elasticloadbalancing:ca-central-1:143319089234:targetgroup/adnan-pasic-tf-web-server-tg/2027df4e1d01a9ed",
                "type": "forward"
              }
            ],
            "id": "arn:aws:elasticloadbalancing:ca-central-1:143319089234:listener/app/adnan-pasic-tf-lb-web-server/973a1860a3a88428/b1d602a56cd3dc55",
            "load_balancer_arn": "arn:aws:elasticloadbalancing:ca-central-1:143319089234:loadbalancer/app/adnan-pasic-tf-lb-web-server/973a1860a3a88428",
            "port": 80,
            "protocol": "HTTP",
            "ssl_policy": "",
            "tags": null,
            "tags_all": {},
            "timeouts": null
          },
          "sensitive_attributes": [],
          "private": "eyJlMmJmYjczMC1lY2FhLTExZTYtOGY4OC0zNDM2M2JjN2M0YzAiOnsicmVhZCI6NjAwMDAwMDAwMDAwfX0=",
          "dependencies": [
            "aws_lb.lb-web-server",
            "aws_lb_target_group.web-server-tg",
            "aws_security_group.sg-lb-web-server"
          ]
        }
      ]
    },
    {
      "mode": "managed",
      "type": "aws_lb_target_group",
      "name": "web-server-tg",
      "provider": "provider[\"registry.terraform.io/hashicorp/aws\"]",
      "instances": [
        {
          "schema_version": 0,
          "attributes": {
            "arn": "arn:aws:elasticloadbalancing:ca-central-1:143319089234:targetgroup/adnan-pasic-tf-web-server-tg/2027df4e1d01a9ed",
            "arn_suffix": "targetgroup/adnan-pasic-tf-web-server-tg/2027df4e1d01a9ed",
            "connection_termination": false,
            "deregistration_delay": "300",
            "health_check": [
              {
                "enabled": true,
                "healthy_threshold": 3,
                "interval": 20,
                "matcher": "200",
                "path": "/",
                "port": "80",
                "protocol": "HTTP",
                "timeout": 10,
                "unhealthy_threshold": 2
              }
            ],
            "id": "arn:aws:elasticloadbalancing:ca-central-1:143319089234:targetgroup/adnan-pasic-tf-web-server-tg/2027df4e1d01a9ed",
            "lambda_multi_value_headers_enabled": false,
            "load_balancing_algorithm_type": "round_robin",
            "name": "adnan-pasic-tf-web-server-tg",
            "name_prefix": null,
            "port": 80,
            "preserve_client_ip": null,
            "protocol": "HTTP",
            "protocol_version": "HTTP1",
            "proxy_protocol_v2": false,
            "slow_start": 0,
            "stickiness": [
              {
                "cookie_duration": 86400,
                "cookie_name": "",
                "enabled": false,
                "type": "lb_cookie"
              }
            ],
            "tags": null,
            "tags_all": {},
            "target_type": "instance",
            "vpc_id": "vpc-07fea8cf59ec86f75"
          },
          "sensitive_attributes": [],
          "private": "bnVsbA=="
        }
      ]
    },
    {
      "mode": "managed",
      "type": "aws_lb_target_group_attachment",
      "name": "web-server-tg",
      "provider": "provider[\"registry.terraform.io/hashicorp/aws\"]",
      "instances": [
        {
          "index_key": 0,
          "schema_version": 0,
          "attributes": {
            "availability_zone": null,
            "id": "arn:aws:elasticloadbalancing:ca-central-1:143319089234:targetgroup/adnan-pasic-tf-web-server-tg/2027df4e1d01a9ed-20220616180305458100000002",
            "port": 80,
            "target_group_arn": "arn:aws:elasticloadbalancing:ca-central-1:143319089234:targetgroup/adnan-pasic-tf-web-server-tg/2027df4e1d01a9ed",
            "target_id": "i-01f4798f5a01b081a"
          },
          "sensitive_attributes": [],
          "private": "bnVsbA==",
          "dependencies": [
            "aws_instance.myInstance",
            "aws_lb_target_group.web-server-tg"
          ]
        },
        {
          "index_key": 1,
          "schema_version": 0,
          "attributes": {
            "availability_zone": null,
            "id": "arn:aws:elasticloadbalancing:ca-central-1:143319089234:targetgroup/adnan-pasic-tf-web-server-tg/2027df4e1d01a9ed-20220616180305252200000001",
            "port": 80,
            "target_group_arn": "arn:aws:elasticloadbalancing:ca-central-1:143319089234:targetgroup/adnan-pasic-tf-web-server-tg/2027df4e1d01a9ed",
            "target_id": "i-0592ff8e6bb942ac0"
          },
          "sensitive_attributes": [],
          "private": "bnVsbA==",
          "dependencies": [
            "aws_instance.myInstance",
            "aws_lb_target_group.web-server-tg"
          ]
        }
      ]
    },
    {
      "mode": "managed",
      "type": "aws_route53_record",
      "name": "alias_route53_record",
      "provider": "provider[\"registry.terraform.io/hashicorp/aws\"]",
      "instances": [
        {
          "schema_version": 2,
          "attributes": {
            "alias": [
              {
                "evaluate_target_health": true,
                "name": "adnan-pasic-tf-lb-web-server-611151110.ca-central-1.elb.amazonaws.com",
                "zone_id": "ZQSVJUPU6J1EY"
              }
            ],
            "allow_overwrite": null,
            "failover_routing_policy": [],
            "fqdn": "adnan-pasic-tf.awsmostar.com",
            "geolocation_routing_policy": [],
            "health_check_id": null,
            "id": "Z02328163KCPGXFNKFO06_adnan-pasic-tf.awsmostar.com_A",
            "latency_routing_policy": [],
            "multivalue_answer_routing_policy": null,
            "name": "adnan-pasic-tf.awsmostar.com",
            "records": null,
            "set_identifier": null,
            "ttl": null,
            "type": "A",
            "weighted_routing_policy": [],
            "zone_id": "Z02328163KCPGXFNKFO06"
          },
          "sensitive_attributes": [],
          "private": "eyJzY2hlbWFfdmVyc2lvbiI6IjIifQ==",
          "dependencies": [
            "aws_lb.lb-web-server",
            "aws_security_group.sg-lb-web-server",
            "data.aws_route53_zone.selected"
          ]
        }
      ]
    },
    {
      "mode": "managed",
      "type": "aws_security_group",
      "name": "sg-lb-web-server",
      "provider": "provider[\"registry.terraform.io/hashicorp/aws\"]",
      "instances": [
        {
          "schema_version": 1,
          "attributes": {
            "arn": "arn:aws:ec2:ca-central-1:143319089234:security-group/sg-0da7b1af0ca80ef03",
            "description": "Allow HTTP",
            "egress": [
              {
                "cidr_blocks": [
                  "0.0.0.0/0"
                ],
                "description": "",
                "from_port": 0,
                "ipv6_cidr_blocks": [],
                "prefix_list_ids": [],
                "protocol": "-1",
                "security_groups": [],
                "self": false,
                "to_port": 0
              }
            ],
            "id": "sg-0da7b1af0ca80ef03",
            "ingress": [
              {
                "cidr_blocks": [
                  "0.0.0.0/0"
                ],
                "description": "HTTP",
                "from_port": 80,
                "ipv6_cidr_blocks": [],
                "prefix_list_ids": [],
                "protocol": "tcp",
                "security_groups": [],
                "self": false,
                "to_port": 80
              }
            ],
            "name": "adnan-pasic-tf-sg-lb-web-server",
            "name_prefix": "",
            "owner_id": "143319089234",
            "revoke_rules_on_delete": false,
            "tags": {
              "Name": "adnan-pasic-tf-sg-lb-web-server"
            },
            "tags_all": {
              "Name": "adnan-pasic-tf-sg-lb-web-server"
            },
            "timeouts": null,
            "vpc_id": "vpc-07fea8cf59ec86f75"
          },
          "sensitive_attributes": [],
          "private": "eyJlMmJmYjczMC1lY2FhLTExZTYtOGY4OC0zNDM2M2JjN2M0YzAiOnsiY3JlYXRlIjo2MDAwMDAwMDAwMDAsImRlbGV0ZSI6OTAwMDAwMDAwMDAwfSwic2NoZW1hX3ZlcnNpb24iOiIxIn0="
        }
      ]
    },
    {
      "mode": "managed",
      "type": "aws_security_group",
      "name": "sg-web-server",
      "provider": "provider[\"registry.terraform.io/hashicorp/aws\"]",
      "instances": [
        {
          "schema_version": 1,
          "attributes": {
            "arn": "arn:aws:ec2:ca-central-1:143319089234:security-group/sg-0fa3ed1ab2e4b4842",
            "description": "Allow HTTP and SSH",
            "egress": [
              {
                "cidr_blocks": [
                  "0.0.0.0/0"
                ],
                "description": "",
                "from_port": 0,
                "ipv6_cidr_blocks": [],
                "prefix_list_ids": [],
                "protocol": "-1",
                "security_groups": [],
                "self": false,
                "to_port": 0
              }
            ],
            "id": "sg-0fa3ed1ab2e4b4842",
            "ingress": [
              {
                "cidr_blocks": [
                  "0.0.0.0/0"
                ],
                "description": "SSH",
                "from_port": 22,
                "ipv6_cidr_blocks": [],
                "prefix_list_ids": [],
                "protocol": "tcp",
                "security_groups": [],
                "self": false,
                "to_port": 22
              }
            ],
            "name": "adnan-pasic-tf-sg-web-server",
            "name_prefix": "",
            "owner_id": "143319089234",
            "revoke_rules_on_delete": false,
            "tags": {
              "Name": "adnan-pasic-tf-sg-web-server"
            },
            "tags_all": {
              "Name": "adnan-pasic-tf-sg-web-server"
            },
            "timeouts": null,
            "vpc_id": "vpc-07fea8cf59ec86f75"
          },
          "sensitive_attributes": [],
          "private": "eyJlMmJmYjczMC1lY2FhLTExZTYtOGY4OC0zNDM2M2JjN2M0YzAiOnsiY3JlYXRlIjo2MDAwMDAwMDAwMDAsImRlbGV0ZSI6OTAwMDAwMDAwMDAwfSwic2NoZW1hX3ZlcnNpb24iOiIxIn0="
        }
      ]
    },
    {
      "mode": "managed",
      "type": "aws_security_group_rule",
      "name": "inbound_http",
      "provider": "provider[\"registry.terraform.io/hashicorp/aws\"]",
      "instances": [
        {
          "schema_version": 2,
          "attributes": {
            "cidr_blocks": null,
            "description": null,
            "from_port": 80,
            "id": "sgrule-3062316334",
            "ipv6_cidr_blocks": null,
            "prefix_list_ids": null,
            "protocol": "tcp",
            "security_group_id": "sg-0fa3ed1ab2e4b4842",
            "self": false,
            "source_security_group_id": "sg-0da7b1af0ca80ef03",
            "to_port": 80,
            "type": "ingress"
          },
          "sensitive_attributes": [],
          "private": "eyJzY2hlbWFfdmVyc2lvbiI6IjIifQ==",
          "dependencies": [
            "aws_security_group.sg-lb-web-server",
            "aws_security_group.sg-web-server"
          ]
        }
      ]
    }
  ]
}
